
Microsoft Visual Studio Solution File, Format Version 12.00
# Visual Studio Version 17
VisualStudioVersion = 17.4.33403.182
MinimumVisualStudioVersion = 10.0.40219.1
Project("{FAE04EC0-301F-11D3-BF4B-00C04F79EFBC}") = "WindowsService", "WindowsService.csproj", "{132FD472-A6E5-474E-AD3F-EE9A2F6A81A4}"
EndProject
Global
	GlobalSection(SolutionConfigurationPlatforms) = preSolution
		Debug|Any CPU = Debug|Any CPU
		Release|Any CPU = Release|Any CPU
	EndGlobalSection
	GlobalSection(ProjectConfigurationPlatforms) = postSolution
		{132FD472-A6E5-474E-AD3F-EE9A2F6A81A4}.Debug|Any CPU.ActiveCfg = Debug|Any CPU
		{132FD472-A6E5-474E-AD3F-EE9A2F6A81A4}.Debug|Any CPU.Build.0 = Debug|Any CPU
		{132FD472-A6E5-474E-AD3F-EE9A2F6A81A4}.Release|Any CPU.ActiveCfg = Release|Any CPU
		{132FD472-A6E5-474E-AD3F-EE9A2F6A81A4}.Release|Any CPU.Build.0 = Release|Any CPU
	EndGlobalSection
	GlobalSection(SolutionProperties) = preSolution
		HideSolutionNode = FALSE
	EndGlobalSection
	GlobalSection(ExtensibilityGlobals) = postSolution
		SolutionGuid = {B3A24A8E-49F5-4770-8ED2-D58BC4A07B8C}
	EndGlobalSection
EndGlobal
